<?xml version="1.0" encoding="UTF-8" standalone="yes" ?>
<CodeBlocks_project_file>
	<FileVersion major="1" minor="6" />
	<Project>
		<Option title="anonymous" />
		<Option pch_mode="2" />
		<Option compiler="gcc" />
		<Build>
			<Target title="Any">
				<Option type="4" />
				<Option compiler="gcc" />
				<Option projectCompilerOptionsRelation="1" />
			</Target>
			<Target title="Debug">
				<Option output="bin/Debug/anonymous" prefix_auto="1" extension_auto="1" />
				<Option object_output="obj/Debug/" />
				<Option type="1" />
				<Option compiler="gcc" />
				<Option projectCompilerOptionsRelation="1" />
				<Option projectLinkerOptionsRelation="1" />
				<Compiler>
					<Add option="-pedantic" />
					<Add option="-Wextra" />
					<Add option="-Wall" />
					<Add option="-g" />
					<Add option="-std=c++26" />
					<Add option="-flarge-source-files" />
					<Add option="-fno-inline" />
					<Add option="-Wa,-mbig-obj" />
					<Add option="-Ddebug=1" />
				</Compiler>
				<Linker>
					<Add option="-fuse-ld=lld" />
					<Add library="F:/Code/Anonymous/bin/Dll/anonymous.dll" />
				</Linker>
			</Target>
			<Target title="Release">
				<Option output="bin/Release/anonymous" prefix_auto="1" extension_auto="1" />
				<Option object_output="obj/Release" />
				<Option type="1" />
				<Option compiler="gcc" />
				<Option projectCompilerOptionsRelation="1" />
				<Option projectLinkerOptionsRelation="1" />
				<Compiler>
					<Add option="-O3" />
					<Add option="-pedantic" />
					<Add option="-Wextra" />
					<Add option="-Wall" />
					<Add option="-g" />
					<Add option="-std=c++26" />
					<Add option="-flarge-source-files" />
					<Add option="-Wa,-mbig-obj" />
				</Compiler>
				<Linker>
					<Add library="F:/Code/Anonymous/bin/Dll/anonymous.dll" />
				</Linker>
			</Target>
			<Target title="Dll">
				<Option output="bin/Dll/anonymous" imp_lib="$(TARGET_OUTPUT_DIR)$(TARGET_OUTPUT_BASENAME).a" def_file="$(TARGET_OUTPUT_DIR)$(TARGET_OUTPUT_BASENAME).def" prefix_auto="1" extension_auto="1" />
				<Option object_output="obj/Dll/" />
				<Option type="3" />
				<Option compiler="gcc" />
				<Option projectCompilerOptionsRelation="1" />
				<Option projectLinkerOptionsRelation="1" />
				<Compiler>
					<Add option="-O3" />
					<Add option="-pedantic" />
					<Add option="-Wextra" />
					<Add option="-Wall" />
					<Add option="-std=c++26" />
					<Add option="-flarge-source-files" />
					<Add option="-Wa,-mbig-obj" />
					<Add option="-Ddll=1" />
				</Compiler>
				<Linker>
					<Add option="-fPIC" />
					<Add option="-fuse-ld=lld" />
				</Linker>
			</Target>
			<Target title="Windows">
				<Option platforms="Windows;" />
				<Option output="bin/Windows/anonymous" prefix_auto="1" extension_auto="1" />
				<Option object_output="obj/Windows" />
				<Option type="1" />
				<Option compiler="gcc" />
				<Option projectCompilerOptionsRelation="1" />
				<Option projectLinkerOptionsRelation="1" />
				<Compiler>
					<Add option="-O3" />
					<Add option="-std=c++26" />
					<Add option="-flarge-source-files" />
					<Add option="-mwindows" />
					<Add option="-Wa,-mbig-obj" />
				</Compiler>
				<Linker>
					<Add option="-s" />
					<Add library="F:/Code/Anonymous/bin/Dll/anonymous.dll" />
				</Linker>
			</Target>
		</Build>
		<Compiler>
			<Add option="-Wall" />
		</Compiler>
		<Unit filename="../generic/basic/abi.cpp">
			<Option target="Any" />
		</Unit>
		<Unit filename="../generic/basic/abi.hpp">
			<Option target="Any" />
		</Unit>
		<Unit filename="../generic/basic/concept.hpp">
			<Option target="Any" />
		</Unit>
		<Unit filename="../generic/basic/concept.ipp">
			<Option target="Any" />
		</Unit>
		<Unit filename="../generic/basic/exception.cpp">
			<Option target="Any" />
		</Unit>
		<Unit filename="../generic/basic/exception.hpp">
			<Option target="Any" />
		</Unit>
		<Unit filename="../generic/basic/exception.ipp">
			<Option target="Any" />
		</Unit>
		<Unit filename="../generic/basic/interface.hpp">
			<Option target="Any" />
		</Unit>
		<Unit filename="../generic/basic/range.hpp">
			<Option target="Any" />
		</Unit>
		<Unit filename="../generic/basic/range.ipp">
			<Option target="Any" />
		</Unit>
		<Unit filename="../generic/basic/typedef.hpp">
			<Option target="Any" />
		</Unit>
		<Unit filename="../generic/basic/typedef.ipp">
			<Option target="Any" />
		</Unit>
		<Unit filename="../generic/basic/utility.hpp">
			<Option target="Any" />
		</Unit>
		<Unit filename="../generic/basic/utility.ipp">
			<Option target="Any" />
		</Unit>
		<Unit filename="../generic/container/array/array.hpp">
			<Option target="Any" />
		</Unit>
		<Unit filename="../generic/container/array/array_base/array_algo_1d.hpp">
			<Option target="Any" />
		</Unit>
		<Unit filename="../generic/container/array/array_base/array_algo_1d.ipp">
			<Option target="Any" />
		</Unit>
		<Unit filename="../generic/container/array/array_base/array_algo_nd.hpp">
			<Option target="Any" />
		</Unit>
		<Unit filename="../generic/container/array/array_base/array_algo_nd.ipp">
			<Option target="Any" />
		</Unit>
		<Unit filename="../generic/container/array/array_base/array_global.hpp">
			<Option target="Any" />
		</Unit>
		<Unit filename="../generic/container/array/array_base/array_global.ipp">
			<Option target="Any" />
		</Unit>
		<Unit filename="../generic/container/array/array_class/array_-1d.hpp">
			<Option target="Any" />
		</Unit>
		<Unit filename="../generic/container/array/array_class/array_-1d.ipp">
			<Option target="Any" />
		</Unit>
		<Unit filename="../generic/container/array/array_class/array_1d.hpp">
			<Option target="Any" />
		</Unit>
		<Unit filename="../generic/container/array/array_class/array_1d.ipp">
			<Option target="Any" />
		</Unit>
		<Unit filename="../generic/container/array/array_class/array_nd.hpp">
			<Option target="Any" />
		</Unit>
		<Unit filename="../generic/container/array/array_class/array_nd.ipp">
			<Option target="Any" />
		</Unit>
		<Unit filename="../generic/container/array/array_class/inplace_array.hpp">
			<Option target="Any" />
		</Unit>
		<Unit filename="../generic/container/array/array_class/inplace_array.ipp">
			<Option target="Any" />
		</Unit>
		<Unit filename="../generic/container/array/array_class/static_array.hpp">
			<Option target="Any" />
		</Unit>
		<Unit filename="../generic/container/array/array_class/static_array.ipp">
			<Option target="Any" />
		</Unit>
		<Unit filename="../generic/container/array/array_view/array_axis_view.hpp">
			<Option target="Any" />
		</Unit>
		<Unit filename="../generic/container/array/array_view/array_axis_view.ipp">
			<Option target="Any" />
		</Unit>
		<Unit filename="../generic/container/array/array_view/array_coordinate.hpp">
			<Option target="Any" />
		</Unit>
		<Unit filename="../generic/container/array/array_view/array_coordinate.ipp">
			<Option target="Any" />
		</Unit>
		<Unit filename="../generic/container/array/array_view/array_filter_view.hpp">
			<Option target="Any" />
		</Unit>
		<Unit filename="../generic/container/array/array_view/array_filter_view.ipp">
			<Option target="Any" />
		</Unit>
		<Unit filename="../generic/container/array/array_view/array_flatten_view.hpp">
			<Option target="Any" />
		</Unit>
		<Unit filename="../generic/container/array/array_view/array_flatten_view.ipp">
			<Option target="Any" />
		</Unit>
		<Unit filename="../generic/container/array/array_view/array_line.hpp">
			<Option target="Any" />
		</Unit>
		<Unit filename="../generic/container/array/array_view/array_line.ipp">
			<Option target="Any" />
		</Unit>
		<Unit filename="../generic/container/array/array_view/array_range_view.hpp">
			<Option target="Any" />
		</Unit>
		<Unit filename="../generic/container/array/array_view/array_range_view.ipp">
			<Option target="Any" />
		</Unit>
		<Unit filename="../generic/container/array/array_view/array_reshape_view.hpp">
			<Option target="Any" />
		</Unit>
		<Unit filename="../generic/container/array/array_view/array_reshape_view.ipp">
			<Option target="Any" />
		</Unit>
		<Unit filename="../generic/container/array/array_view/array_span_view.hpp">
			<Option target="Any" />
		</Unit>
		<Unit filename="../generic/container/array/array_view/array_span_view.ipp">
			<Option target="Any" />
		</Unit>
		<Unit filename="../generic/container/array/array_view/array_type_view.hpp">
			<Option target="Any" />
		</Unit>
		<Unit filename="../generic/container/array/array_view/array_type_view.ipp">
			<Option target="Any" />
		</Unit>
		<Unit filename="../generic/container/array/array_view/array_view_iterator.hpp">
			<Option target="Any" />
		</Unit>
		<Unit filename="../generic/container/array/array_view/array_view_iterator.ipp">
			<Option target="Any" />
		</Unit>
		<Unit filename="../generic/container/chain/chain.hpp">
			<Option target="Any" />
		</Unit>
		<Unit filename="../generic/container/chain/chain_base/chain_global.hpp">
			<Option target="Any" />
		</Unit>
		<Unit filename="../generic/container/chain/chain_base/chain_global.ipp">
			<Option target="Any" />
		</Unit>
		<Unit filename="../generic/container/chain/chain_class/deque.hpp">
			<Option target="Any" />
		</Unit>
		<Unit filename="../generic/container/chain/chain_class/deque.ipp">
			<Option target="Any" />
		</Unit>
		<Unit filename="../generic/container/chain/chain_class/list.hpp">
			<Option target="Any" />
		</Unit>
		<Unit filename="../generic/container/chain/chain_class/list.ipp">
			<Option target="Any" />
		</Unit>
		<Unit filename="../generic/container/chain/chain_class/priority_queue.hpp">
			<Option target="Any" />
		</Unit>
		<Unit filename="../generic/container/chain/chain_class/priority_queue.ipp">
			<Option target="Any" />
		</Unit>
		<Unit filename="../generic/container/chain/chain_class/queue.hpp">
			<Option target="Any" />
		</Unit>
		<Unit filename="../generic/container/chain/chain_class/queue.ipp">
			<Option target="Any" />
		</Unit>
		<Unit filename="../generic/container/chain/chain_class/stack.hpp">
			<Option target="Any" />
		</Unit>
		<Unit filename="../generic/container/chain/chain_class/stack.ipp">
			<Option target="Any" />
		</Unit>
		<Unit filename="../generic/container/collection/collection.hpp">
			<Option target="Any" />
		</Unit>
		<Unit filename="../generic/container/collection/collection_base/collection_algo.hpp">
			<Option target="Any" />
		</Unit>
		<Unit filename="../generic/container/collection/collection_base/collection_algo.ipp">
			<Option target="Any" />
		</Unit>
		<Unit filename="../generic/container/collection/collection_base/collection_global.hpp">
			<Option target="Any" />
		</Unit>
		<Unit filename="../generic/container/collection/collection_base/collection_global.ipp">
			<Option target="Any" />
		</Unit>
		<Unit filename="../generic/container/collection/collection_class/bimap.hpp">
			<Option target="Any" />
		</Unit>
		<Unit filename="../generic/container/collection/collection_class/bimap.ipp">
			<Option target="Any" />
		</Unit>
		<Unit filename="../generic/container/collection/collection_class/map.hpp">
			<Option target="Any" />
		</Unit>
		<Unit filename="../generic/container/collection/collection_class/map.ipp">
			<Option target="Any" />
		</Unit>
		<Unit filename="../generic/container/collection/collection_class/set.hpp">
			<Option target="Any" />
		</Unit>
		<Unit filename="../generic/container/collection/collection_class/set.ipp">
			<Option target="Any" />
		</Unit>
		<Unit filename="../generic/container/collection/collection_data/flat/sorted_vector.hpp">
			<Option target="Any" />
		</Unit>
		<Unit filename="../generic/container/collection/collection_data/flat/sorted_vector.ipp">
			<Option target="Any" />
		</Unit>
		<Unit filename="../generic/container/collection/collection_data/map_pair/map_pair.hpp">
			<Option target="Any" />
		</Unit>
		<Unit filename="../generic/container/collection/collection_data/map_pair/map_pair.ipp">
			<Option target="Any" />
		</Unit>
		<Unit filename="../generic/container/collection/collection_data/tree/binary_node_interface.hpp">
			<Option target="Any" />
		</Unit>
		<Unit filename="../generic/container/collection/collection_data/tree/binary_node_interface.ipp">
			<Option target="Any" />
		</Unit>
		<Unit filename="../generic/container/collection/collection_data/tree/binary_search_tree.hpp">
			<Option target="Any" />
		</Unit>
		<Unit filename="../generic/container/collection/collection_data/tree/binary_search_tree.ipp">
			<Option target="Any" />
		</Unit>
		<Unit filename="../generic/container/collection/collection_data/tree/binary_tree.hpp">
			<Option target="Any" />
		</Unit>
		<Unit filename="../generic/container/collection/collection_data/tree/binary_tree.ipp">
			<Option target="Any" />
		</Unit>
		<Unit filename="../generic/container/collection/collection_data/tree/redblack_tree.hpp">
			<Option target="Any" />
		</Unit>
		<Unit filename="../generic/container/collection/collection_data/tree/redblack_tree.ipp">
			<Option target="Any" />
		</Unit>
		<Unit filename="../generic/container/collection/collection_data/tree/tree.hpp">
			<Option target="Any" />
		</Unit>
		<Unit filename="../generic/container/collection/collection_view/collection_keys_view.hpp">
			<Option target="Any" />
		</Unit>
		<Unit filename="../generic/container/collection/collection_view/collection_keys_view.ipp">
			<Option target="Any" />
		</Unit>
		<Unit filename="../generic/container/collection/collection_view/collection_values_view.hpp">
			<Option target="Any" />
		</Unit>
		<Unit filename="../generic/container/collection/collection_view/collection_values_view.ipp">
			<Option target="Any" />
		</Unit>
		<Unit filename="../generic/container/discrete/discrete.hpp">
			<Option target="Any" />
		</Unit>
		<Unit filename="../generic/container/discrete/discrete_base/discrete_global.hpp">
			<Option target="Any" />
		</Unit>
		<Unit filename="../generic/container/discrete/discrete_base/discrete_global.ipp">
			<Option target="Any" />
		</Unit>
		<Unit filename="../generic/container/discrete/discrete_class/pair.hpp">
			<Option target="Any" />
		</Unit>
		<Unit filename="../generic/container/discrete/discrete_class/pair.ipp">
			<Option target="Any" />
		</Unit>
		<Unit filename="../generic/container/discrete/discrete_class/tuple.hpp">
			<Option target="Any" />
		</Unit>
		<Unit filename="../generic/container/discrete/discrete_class/tuple.ipp">
			<Option target="Any" />
		</Unit>
		<Unit filename="../generic/container/interface.hpp">
			<Option target="Any" />
		</Unit>
		<Unit filename="../generic/container/polymorphic/polymorphic.hpp">
			<Option target="Any" />
		</Unit>
		<Unit filename="../generic/container/polymorphic/polymorphic_class/any.hpp">
			<Option target="Any" />
		</Unit>
		<Unit filename="../generic/container/polymorphic/polymorphic_class/any.ipp">
			<Option target="Any" />
		</Unit>
		<Unit filename="../generic/container/polymorphic/polymorphic_class/function.hpp">
			<Option target="Any" />
		</Unit>
		<Unit filename="../generic/container/polymorphic/polymorphic_class/function.ipp">
			<Option target="Any" />
		</Unit>
		<Unit filename="../generic/container/polymorphic/polymorphic_class/optional.hpp">
			<Option target="Any" />
		</Unit>
		<Unit filename="../generic/container/polymorphic/polymorphic_class/optional.ipp">
			<Option target="Any" />
		</Unit>
		<Unit filename="../generic/container/polymorphic/polymorphic_class/property_tree.hpp">
			<Option target="Any" />
		</Unit>
		<Unit filename="../generic/container/polymorphic/polymorphic_class/property_tree.ipp">
			<Option target="Any" />
		</Unit>
		<Unit filename="../generic/container/polymorphic/polymorphic_class/variant.hpp">
			<Option target="Any" />
		</Unit>
		<Unit filename="../generic/container/polymorphic/polymorphic_class/variant.ipp">
			<Option target="Any" />
		</Unit>
		<Unit filename="../generic/container/string/string.hpp">
			<Option target="Any" />
		</Unit>
		<Unit filename="../generic/container/string/string_base/string_algo.hpp">
			<Option target="Any" />
		</Unit>
		<Unit filename="../generic/container/string/string_base/string_algo.ipp">
			<Option target="Any" />
		</Unit>
		<Unit filename="../generic/container/string/string_base/string_global.hpp">
			<Option target="Any" />
		</Unit>
		<Unit filename="../generic/container/string/string_base/string_global.ipp">
			<Option target="Any" />
		</Unit>
		<Unit filename="../generic/container/string/string_class/string.hpp">
			<Option target="Any" />
		</Unit>
		<Unit filename="../generic/container/string/string_class/string.ipp">
			<Option target="Any" />
		</Unit>
		<Unit filename="../generic/container/string/string_regex/regex.hpp">
			<Option target="Any" />
		</Unit>
		<Unit filename="../generic/container/string/string_regex/regex.ipp">
			<Option target="Any" />
		</Unit>
		<Unit filename="../generic/container/string/string_view/string_range_view.hpp">
			<Option target="Any" />
		</Unit>
		<Unit filename="../generic/container/string/string_view/string_range_view.ipp">
			<Option target="Any" />
		</Unit>
		<Unit filename="../generic/container/string/string_view/string_view.hpp">
			<Option target="Any" />
		</Unit>
		<Unit filename="../generic/container/string/string_view/string_view.ipp">
			<Option target="Any" />
		</Unit>
		<Unit filename="../generic/container/utility/constexpr_index/constexpr_index.hpp">
			<Option target="Any" />
		</Unit>
		<Unit filename="../generic/container/utility/constexpr_index/constexpr_index.ipp">
			<Option target="Any" />
		</Unit>
		<Unit filename="../generic/container/utility/format/format.hpp">
			<Option target="Any" />
		</Unit>
		<Unit filename="../generic/container/utility/format/format.ipp">
			<Option target="Any" />
		</Unit>
		<Unit filename="../generic/container/utility/structured_binding/structured_binding.hpp">
			<Option target="Any" />
		</Unit>
		<Unit filename="../generic/container/utility/structured_binding/structured_binding.ipp">
			<Option target="Any" />
		</Unit>
		<Unit filename="../generic/container/utility/utility.hpp">
			<Option target="Any" />
		</Unit>
		<Unit filename="../generic/io/file/file.hpp">
			<Option target="Any" />
		</Unit>
		<Unit filename="../generic/io/file/file_base/file_stream.cpp">
			<Option target="Any" />
		</Unit>
		<Unit filename="../generic/io/file/file_base/file_stream.hpp">
			<Option target="Any" />
		</Unit>
		<Unit filename="../generic/io/file/file_base/file_stream.ipp">
			<Option target="Any" />
		</Unit>
		<Unit filename="../generic/io/file/file_class/file_bmp.cpp">
			<Option target="Any" />
		</Unit>
		<Unit filename="../generic/io/file/file_class/file_bmp.hpp">
			<Option target="Any" />
		</Unit>
		<Unit filename="../generic/io/file/file_class/file_csv.cpp">
			<Option target="Any" />
		</Unit>
		<Unit filename="../generic/io/file/file_class/file_csv.hpp">
			<Option target="Any" />
		</Unit>
		<Unit filename="../generic/io/file/file_class/file_html.cpp">
			<Option target="Any" />
		</Unit>
		<Unit filename="../generic/io/file/file_class/file_html.hpp">
			<Option target="Any" />
		</Unit>
		<Unit filename="../generic/io/file/file_class/file_idx.cpp">
			<Option target="Any" />
		</Unit>
		<Unit filename="../generic/io/file/file_class/file_idx.hpp">
			<Option target="Any" />
		</Unit>
		<Unit filename="../generic/io/file/file_class/file_interface.hpp">
			<Option target="Any" />
		</Unit>
		<Unit filename="../generic/io/file/file_class/file_interface.ipp">
			<Option target="Any" />
		</Unit>
		<Unit filename="../generic/io/file/file_class/file_jpg.cpp">
			<Option target="Any" />
		</Unit>
		<Unit filename="../generic/io/file/file_class/file_jpg.hpp">
			<Option target="Any" />
		</Unit>
		<Unit filename="../generic/io/file/file_class/file_json.cpp">
			<Option target="Any" />
		</Unit>
		<Unit filename="../generic/io/file/file_class/file_json.hpp">
			<Option target="Any" />
		</Unit>
		<Unit filename="../generic/io/file/file_class/file_pcap.cpp">
			<Option target="Any" />
		</Unit>
		<Unit filename="../generic/io/file/file_class/file_pcap.hpp">
			<Option target="Any" />
		</Unit>
		<Unit filename="../generic/io/file/file_class/file_png.cpp">
			<Option target="Any" />
		</Unit>
		<Unit filename="../generic/io/file/file_class/file_png.hpp">
			<Option target="Any" />
		</Unit>
		<Unit filename="../generic/io/file/file_class/file_pnm.cpp">
			<Option target="Any" />
		</Unit>
		<Unit filename="../generic/io/file/file_class/file_pnm.hpp">
			<Option target="Any" />
		</Unit>
		<Unit filename="../generic/io/file/file_class/file_tga.cpp">
			<Option target="Any" />
		</Unit>
		<Unit filename="../generic/io/file/file_class/file_tga.hpp">
			<Option target="Any" />
		</Unit>
		<Unit filename="../generic/io/file/file_class/file_tiff.cpp">
			<Option target="Any" />
		</Unit>
		<Unit filename="../generic/io/file/file_class/file_tiff.hpp">
			<Option target="Any" />
		</Unit>
		<Unit filename="../generic/io/file/file_class/file_txt.cpp">
			<Option target="Any" />
		</Unit>
		<Unit filename="../generic/io/file/file_class/file_txt.hpp">
			<Option target="Any" />
		</Unit>
		<Unit filename="../generic/io/file/file_class/file_wav.cpp">
			<Option target="Any" />
		</Unit>
		<Unit filename="../generic/io/file/file_class/file_wav.hpp">
			<Option target="Any" />
		</Unit>
		<Unit filename="../generic/io/file/path/path.cpp">
			<Option target="Any" />
		</Unit>
		<Unit filename="../generic/io/file/path/path.hpp">
			<Option target="Any" />
		</Unit>
		<Unit filename="../generic/io/file/system/system.cpp">
			<Option target="Any" />
		</Unit>
		<Unit filename="../generic/io/file/system/system.hpp">
			<Option target="Any" />
		</Unit>
		<Unit filename="../generic/io/file/third_party/boost_gil.ipp">
			<Option target="Any" />
		</Unit>
		<Unit filename="../generic/io/http/http.hpp">
			<Option target="Any" />
		</Unit>
		<Unit filename="../generic/io/http/http_base/http_buf.cpp">
			<Option target="Any" />
		</Unit>
		<Unit filename="../generic/io/http/http_base/http_buf.hpp">
			<Option target="Any" />
		</Unit>
		<Unit filename="../generic/io/http/http_base/http_buf.ipp">
			<Option target="Any" />
		</Unit>
		<Unit filename="../generic/io/http/http_base/http_stream.cpp">
			<Option target="Any" />
		</Unit>
		<Unit filename="../generic/io/http/http_base/http_stream.hpp">
			<Option target="Any" />
		</Unit>
		<Unit filename="../generic/io/http/http_base/http_stream.ipp">
			<Option target="Any" />
		</Unit>
		<Unit filename="../generic/io/http/http_class/http_get.hpp">
			<Option target="Any" />
		</Unit>
		<Unit filename="../generic/io/http/http_class/http_get.ipp">
			<Option target="Any" />
		</Unit>
		<Unit filename="../generic/io/http/http_class/http_interface.hpp">
			<Option target="Any" />
		</Unit>
		<Unit filename="../generic/io/http/http_class/http_interface.ipp">
			<Option target="Any" />
		</Unit>
		<Unit filename="../generic/io/http/http_class/http_post.hpp">
			<Option target="Any" />
		</Unit>
		<Unit filename="../generic/io/http/http_class/http_post.ipp">
			<Option target="Any" />
		</Unit>
		<Unit filename="../generic/io/interface.hpp">
			<Option target="Any" />
		</Unit>
		<Unit filename="../generic/io/pipe/pipe.hpp">
			<Option target="Any" />
		</Unit>
		<Unit filename="../generic/io/pipe/pipe_base/pipe_buf.cpp">
			<Option target="Any" />
		</Unit>
		<Unit filename="../generic/io/pipe/pipe_base/pipe_buf.hpp">
			<Option target="Any" />
		</Unit>
		<Unit filename="../generic/io/pipe/pipe_base/pipe_buf.ipp">
			<Option target="Any" />
		</Unit>
		<Unit filename="../generic/io/pipe/pipe_base/pipe_interface.hpp">
			<Option target="Any" />
		</Unit>
		<Unit filename="../generic/io/pipe/pipe_base/pipe_interface.ipp">
			<Option target="Any" />
		</Unit>
		<Unit filename="../generic/io/pipe/pipe_base/pipe_stream.cpp">
			<Option target="Any" />
		</Unit>
		<Unit filename="../generic/io/pipe/pipe_base/pipe_stream.hpp">
			<Option target="Any" />
		</Unit>
		<Unit filename="../generic/io/pipe/pipe_base/pipe_stream.ipp">
			<Option target="Any" />
		</Unit>
		<Unit filename="../generic/io/pipe/pipe_class/pipe_command.hpp">
			<Option target="Any" />
		</Unit>
		<Unit filename="../generic/io/pipe/pipe_class/pipe_command.ipp">
			<Option target="Any" />
		</Unit>
		<Unit filename="../generic/io/pipe/pipe_class/pipe_process.hpp">
			<Option target="Any" />
		</Unit>
		<Unit filename="../generic/io/pipe/pipe_class/pipe_process.ipp">
			<Option target="Any" />
		</Unit>
		<Unit filename="../generic/io/serial_port/serial_port.hpp">
			<Option target="Any" />
		</Unit>
		<Unit filename="../generic/io/tcp_udp_icmp/tcp_udp_icmp.hpp">
			<Option target="Any" />
		</Unit>
		<Unit filename="../generic/io/tcp_udp_icmp/tcp_udp_icmp_base/basic_socket_buf.hpp">
			<Option target="Any" />
		</Unit>
		<Unit filename="../generic/io/tcp_udp_icmp/tcp_udp_icmp_base/basic_socket_buf.ipp">
			<Option target="Any" />
		</Unit>
		<Unit filename="../generic/io/tcp_udp_icmp/tcp_udp_icmp_base/basic_socket_stream.hpp">
			<Option target="Any" />
		</Unit>
		<Unit filename="../generic/io/tcp_udp_icmp/tcp_udp_icmp_base/basic_socket_stream.ipp">
			<Option target="Any" />
		</Unit>
		<Unit filename="../generic/io/tcp_udp_icmp/tcp_udp_icmp_class/basic_socket_interface.hpp">
			<Option target="Any" />
		</Unit>
		<Unit filename="../generic/io/tcp_udp_icmp/tcp_udp_icmp_class/basic_socket_interface.ipp">
			<Option target="Any" />
		</Unit>
		<Unit filename="../generic/io/tcp_udp_icmp/tcp_udp_icmp_class/icmp_ping.cpp">
			<Option target="Any" />
		</Unit>
		<Unit filename="../generic/io/tcp_udp_icmp/tcp_udp_icmp_class/icmp_ping.hpp">
			<Option target="Any" />
		</Unit>
		<Unit filename="../generic/io/usb/usb.hpp">
			<Option target="Any" />
		</Unit>
		<Unit filename="../generic/io/utility/color/color.hpp">
			<Option target="Any" />
		</Unit>
		<Unit filename="../generic/io/utility/color/color.ipp">
			<Option target="Any" />
		</Unit>
		<Unit filename="../generic/io/utility/format/format.hpp">
			<Option target="Any" />
		</Unit>
		<Unit filename="../generic/io/utility/format/format.ipp">
			<Option target="Any" />
		</Unit>
		<Unit filename="../generic/io/utility/ip/ipv4.cpp">
			<Option target="Any" />
		</Unit>
		<Unit filename="../generic/io/utility/ip/ipv4.hpp">
			<Option target="Any" />
		</Unit>
		<Unit filename="../generic/io/utility/ip/ipv6.cpp">
			<Option target="Any" />
		</Unit>
		<Unit filename="../generic/io/utility/ip/ipv6.hpp">
			<Option target="Any" />
		</Unit>
		<Unit filename="../generic/io/utility/ip/url.cpp">
			<Option target="Any" />
		</Unit>
		<Unit filename="../generic/io/utility/ip/url.hpp">
			<Option target="Any" />
		</Unit>
		<Unit filename="../generic/io/utility/stream/binary_stream_view.hpp">
			<Option target="Any" />
		</Unit>
		<Unit filename="../generic/io/utility/stream/binary_stream_view.ipp">
			<Option target="Any" />
		</Unit>
		<Unit filename="../generic/io/utility/stream/chunked_binary_stream_view.hpp">
			<Option target="Any" />
		</Unit>
		<Unit filename="../generic/io/utility/stream/chunked_binary_stream_view.ipp">
			<Option target="Any" />
		</Unit>
		<Unit filename="../generic/io/utility/stream/stream.hpp">
			<Option target="Any" />
		</Unit>
		<Unit filename="../generic/io/utility/stream/stream_view.hpp">
			<Option target="Any" />
		</Unit>
		<Unit filename="../generic/io/utility/stream/stream_view.ipp">
			<Option target="Any" />
		</Unit>
		<Unit filename="../generic/io/utility/time/duration/duration.hpp">
			<Option target="Any" />
		</Unit>
		<Unit filename="../generic/io/utility/time/duration/duration.ipp">
			<Option target="Any" />
		</Unit>
		<Unit filename="../generic/io/utility/time/time.hpp">
			<Option target="Any" />
		</Unit>
		<Unit filename="../generic/io/utility/time/time_point/time_point.hpp">
			<Option target="Any" />
		</Unit>
		<Unit filename="../generic/io/utility/time/time_point/time_point.ipp">
			<Option target="Any" />
		</Unit>
		<Unit filename="../generic/io/utility/utility.hpp">
			<Option target="Any" />
		</Unit>
		<Unit filename="../generic/io/websocket/websocket.hpp">
			<Option target="Any" />
		</Unit>
		<Unit filename="../generic/math/arithmetic/angle/abs.ipp">
			<Option target="Any" />
		</Unit>
		<Unit filename="../generic/math/arithmetic/angle/arcsin_arccos_arctan_arccot_arcsec_arccsc.ipp">
			<Option target="Any" />
		</Unit>
		<Unit filename="../generic/math/arithmetic/angle/mod.ipp">
			<Option target="Any" />
		</Unit>
		<Unit filename="../generic/math/arithmetic/angle/sin_cos_tan_cot_sec_csc.ipp">
			<Option target="Any" />
		</Unit>
		<Unit filename="../generic/math/arithmetic/arithmetic.hpp">
			<Option target="Any" />
		</Unit>
		<Unit filename="../generic/math/arithmetic/complex/abs_norm.ipp">
			<Option target="Any" />
		</Unit>
		<Unit filename="../generic/math/arithmetic/complex/conj.ipp">
			<Option target="Any" />
		</Unit>
		<Unit filename="../generic/math/arithmetic/complex/floor_ceil_round.ipp">
			<Option target="Any" />
		</Unit>
		<Unit filename="../generic/math/arithmetic/complex/log_log2_log10_ln.ipp">
			<Option target="Any" />
		</Unit>
		<Unit filename="../generic/math/arithmetic/complex/pow_sqrt_exp_exp2.ipp">
			<Option target="Any" />
		</Unit>
		<Unit filename="../generic/math/arithmetic/float/abs.ipp">
			<Option target="Any" />
		</Unit>
		<Unit filename="../generic/math/arithmetic/float/floor_ceil_round.ipp">
			<Option target="Any" />
		</Unit>
		<Unit filename="../generic/math/arithmetic/float/log_log2_log10_ln.ipp">
			<Option target="Any" />
		</Unit>
		<Unit filename="../generic/math/arithmetic/float/mod.ipp">
			<Option target="Any" />
		</Unit>
		<Unit filename="../generic/math/arithmetic/float/pow_sqrt_exp_exp2.ipp">
			<Option target="Any" />
		</Unit>
		<Unit filename="../generic/math/arithmetic/int/abs.ipp">
			<Option target="Any" />
		</Unit>
		<Unit filename="../generic/math/arithmetic/int/log_log2_log10_ln.ipp">
			<Option target="Any" />
		</Unit>
		<Unit filename="../generic/math/arithmetic/int/mod.ipp">
			<Option target="Any" />
		</Unit>
		<Unit filename="../generic/math/arithmetic/int/pow_sqrt_exp_exp2.ipp">
			<Option target="Any" />
		</Unit>
		<Unit filename="../generic/math/arithmetic/polar/abs_norm.ipp">
			<Option target="Any" />
		</Unit>
		<Unit filename="../generic/math/arithmetic/polar/conj.ipp">
			<Option target="Any" />
		</Unit>
		<Unit filename="../generic/math/arithmetic/polar/log_log2_log10_ln.ipp">
			<Option target="Any" />
		</Unit>
		<Unit filename="../generic/math/arithmetic/polar/pow_sqrt_exp_exp2.ipp">
			<Option target="Any" />
		</Unit>
		<Unit filename="../generic/math/arithmetic/std/common_type.ipp">
			<Option target="Any" />
		</Unit>
		<Unit filename="../generic/math/arithmetic/std/numeric_limits.ipp">
			<Option target="Any" />
		</Unit>
		<Unit filename="../generic/math/geometric/complex.ipp">
			<Option target="Any" />
		</Unit>
		<Unit filename="../generic/math/geometric/degree.ipp">
			<Option target="Any" />
		</Unit>
		<Unit filename="../generic/math/geometric/geometric.hpp">
			<Option target="Any" />
		</Unit>
		<Unit filename="../generic/math/geometric/polar.ipp">
			<Option target="Any" />
		</Unit>
		<Unit filename="../generic/math/geometric/radian.ipp">
			<Option target="Any" />
		</Unit>
		<Unit filename="../generic/math/interface.hpp">
			<Option target="Any" />
		</Unit>
		<Unit filename="../generic/math/linear/1d/convolve.ipp">
			<Option target="Any" />
		</Unit>
		<Unit filename="../generic/math/linear/1d/cross.ipp">
			<Option target="Any" />
		</Unit>
		<Unit filename="../generic/math/linear/1d/dct.ipp">
			<Option target="Any" />
		</Unit>
		<Unit filename="../generic/math/linear/1d/dot.ipp">
			<Option target="Any" />
		</Unit>
		<Unit filename="../generic/math/linear/1d/fft.ipp">
			<Option target="Any" />
		</Unit>
		<Unit filename="../generic/math/linear/1d/norm.ipp">
			<Option target="Any" />
		</Unit>
		<Unit filename="../generic/math/linear/1d/operator.ipp">
			<Option target="Any" />
		</Unit>
		<Unit filename="../generic/math/linear/1d/tensor.ipp">
			<Option target="Any" />
		</Unit>
		<Unit filename="../generic/math/linear/2d/convolve.ipp">
			<Option target="Any" />
		</Unit>
		<Unit filename="../generic/math/linear/2d/det.ipp">
			<Option target="Any" />
		</Unit>
		<Unit filename="../generic/math/linear/2d/eigen.ipp">
			<Option target="Any" />
		</Unit>
		<Unit filename="../generic/math/linear/2d/evd.ipp">
			<Option target="Any" />
		</Unit>
		<Unit filename="../generic/math/linear/2d/inverse.ipp">
			<Option target="Any" />
		</Unit>
		<Unit filename="../generic/math/linear/2d/lu.ipp">
			<Option target="Any" />
		</Unit>
		<Unit filename="../generic/math/linear/2d/norm.ipp">
			<Option target="Any" />
		</Unit>
		<Unit filename="../generic/math/linear/2d/operator.ipp">
			<Option target="Any" />
		</Unit>
		<Unit filename="../generic/math/linear/2d/qr.ipp">
			<Option target="Any" />
		</Unit>
		<Unit filename="../generic/math/linear/2d/rank.ipp">
			<Option target="Any" />
		</Unit>
		<Unit filename="../generic/math/linear/2d/singular.ipp">
			<Option target="Any" />
		</Unit>
		<Unit filename="../generic/math/linear/2d/svd.ipp">
			<Option target="Any" />
		</Unit>
		<Unit filename="../generic/math/linear/2d/tr.ipp">
			<Option target="Any" />
		</Unit>
		<Unit filename="../generic/math/linear/linear.hpp">
			<Option target="Any" />
		</Unit>
		<Unit filename="../generic/math/linear/nd/operator.ipp">
			<Option target="Any" />
		</Unit>
		<Unit filename="../generic/math/linear/nd/swap.ipp">
			<Option target="Any" />
		</Unit>
		<Unit filename="../generic/math/linear/nd/transpose.ipp">
			<Option target="Any" />
		</Unit>
		<Unit filename="../generic/math/linear/third_party/eigen.ipp">
			<Option target="Any" />
		</Unit>
		<Unit filename="../generic/math/numeric/fraction.ipp">
			<Option target="Any" />
		</Unit>
		<Unit filename="../generic/math/numeric/numeric.hpp">
			<Option target="Any" />
		</Unit>
		<Unit filename="../generic/math/random/container/array.ipp">
			<Option target="Any" />
		</Unit>
		<Unit filename="../generic/math/random/distribution/bernoulli_distribution.ipp">
			<Option target="Any" />
		</Unit>
		<Unit filename="../generic/math/random/distribution/binomial_distribution.ipp">
			<Option target="Any" />
		</Unit>
		<Unit filename="../generic/math/random/distribution/chi_squared_distribution.ipp">
			<Option target="Any" />
		</Unit>
		<Unit filename="../generic/math/random/distribution/exponential_distribution.ipp">
			<Option target="Any" />
		</Unit>
		<Unit filename="../generic/math/random/distribution/fisher_f_distribution.ipp">
			<Option target="Any" />
		</Unit>
		<Unit filename="../generic/math/random/distribution/gamma_distribution.ipp">
			<Option target="Any" />
		</Unit>
		<Unit filename="../generic/math/random/distribution/geometric_distribution.ipp">
			<Option target="Any" />
		</Unit>
		<Unit filename="../generic/math/random/distribution/normal_distribution.ipp">
			<Option target="Any" />
		</Unit>
		<Unit filename="../generic/math/random/distribution/poisson_distribution.ipp">
			<Option target="Any" />
		</Unit>
		<Unit filename="../generic/math/random/distribution/random.ipp">
			<Option target="Any" />
		</Unit>
		<Unit filename="../generic/math/random/distribution/student_t_distribution.ipp">
			<Option target="Any" />
		</Unit>
		<Unit filename="../generic/math/random/distribution/uniform_distribution.ipp">
			<Option target="Any" />
		</Unit>
		<Unit filename="../generic/math/random/engine/discard_block_engine.ipp">
			<Option target="Any" />
		</Unit>
		<Unit filename="../generic/math/random/engine/floating_point_engine.ipp">
			<Option target="Any" />
		</Unit>
		<Unit filename="../generic/math/random/engine/linear_congruential_engine.ipp">
			<Option target="Any" />
		</Unit>
		<Unit filename="../generic/math/random/engine/mersenne_twister_engine.ipp">
			<Option target="Any" />
		</Unit>
		<Unit filename="../generic/math/random/engine/random_engine_algo.ipp">
			<Option target="Any" />
		</Unit>
		<Unit filename="../generic/math/random/engine/shuffle_order_engine.ipp">
			<Option target="Any" />
		</Unit>
		<Unit filename="../generic/math/random/engine/subtract_with_carry_engine.ipp">
			<Option target="Any" />
		</Unit>
		<Unit filename="../generic/math/random/random.hpp">
			<Option target="Any" />
		</Unit>
		<Unit filename="../specific/audio/extractor/extractor.h">
			<Option target="Any" />
		</Unit>
		<Unit filename="../specific/audio/extractor/fourier_extractor.hpp">
			<Option target="Any" />
		</Unit>
		<Unit filename="../specific/audio/extractor/lpcc_extractor.hpp">
			<Option target="Any" />
		</Unit>
		<Unit filename="../specific/audio/extractor/mfcc_extractor.cpp">
			<Option target="Any" />
		</Unit>
		<Unit filename="../specific/audio/extractor/mfcc_extractor.hpp">
			<Option target="Any" />
		</Unit>
		<Unit filename="../specific/audio/extractor/mfcc_extractor.ipp">
			<Option target="Any" />
		</Unit>
		<Unit filename="../specific/audio/extractor/pitch_extractor.hpp">
			<Option target="Any" />
		</Unit>
		<Unit filename="../specific/audio/extractor/spectrum_extractor.hpp">
			<Option target="Any" />
		</Unit>
		<Unit filename="../specific/audio/interface.hpp">
			<Option target="Any" />
		</Unit>
		<Unit filename="../specific/neural/interface.hpp">
			<Option target="Any" />
		</Unit>
		<Unit filename="../specific/neural/layer/convolve_layer.hpp">
			<Option target="Any" />
		</Unit>
		<Unit filename="../specific/neural/layer/convolve_layer.ipp">
			<Option target="Any" />
		</Unit>
		<Unit filename="../specific/neural/layer/layer.hpp">
			<Option target="Any" />
		</Unit>
		<Unit filename="../specific/neural/layer/linear_layer.hpp">
			<Option target="Any" />
		</Unit>
		<Unit filename="../specific/neural/layer/linear_layer.ipp">
			<Option target="Any" />
		</Unit>
		<Unit filename="../specific/neural/layer/max_pool_layer.hpp">
			<Option target="Any" />
		</Unit>
		<Unit filename="../specific/neural/layer/max_pool_layer.ipp">
			<Option target="Any" />
		</Unit>
		<Unit filename="../specific/neural/layer/relu_layer.hpp">
			<Option target="Any" />
		</Unit>
		<Unit filename="../specific/neural/layer/relu_layer.ipp">
			<Option target="Any" />
		</Unit>
		<Unit filename="../specific/neural/layer/sigmoid_layer.hpp">
			<Option target="Any" />
		</Unit>
		<Unit filename="../specific/neural/layer/sigmoid_layer.ipp">
			<Option target="Any" />
		</Unit>
		<Unit filename="../specific/neural/layer/softmax_layer.hpp">
			<Option target="Any" />
		</Unit>
		<Unit filename="../specific/neural/layer/softmax_layer.ipp">
			<Option target="Any" />
		</Unit>
		<Unit filename="../specific/neural/loss/binary_cross_entropy_loss.hpp">
			<Option target="Any" />
		</Unit>
		<Unit filename="../specific/neural/loss/binary_cross_entropy_loss.ipp">
			<Option target="Any" />
		</Unit>
		<Unit filename="../specific/neural/loss/cross_entropy_loss.hpp">
			<Option target="Any" />
		</Unit>
		<Unit filename="../specific/neural/loss/cross_entropy_loss.ipp">
			<Option target="Any" />
		</Unit>
		<Unit filename="../specific/neural/loss/loss.hpp">
			<Option target="Any" />
		</Unit>
		<Unit filename="../specific/neural/loss/mean_absolute_error_loss.hpp">
			<Option target="Any" />
		</Unit>
		<Unit filename="../specific/neural/loss/mean_absolute_error_loss.ipp">
			<Option target="Any" />
		</Unit>
		<Unit filename="../specific/neural/loss/mean_squared_error_loss.hpp">
			<Option target="Any" />
		</Unit>
		<Unit filename="../specific/neural/loss/mean_squared_error_loss.ipp">
			<Option target="Any" />
		</Unit>
		<Unit filename="../specific/neural/model/model.hpp">
			<Option target="Any" />
		</Unit>
		<Unit filename="../specific/neural/model/sequence_model.hpp">
			<Option target="Any" />
		</Unit>
		<Unit filename="../specific/neural/model/sequence_model.ipp">
			<Option target="Any" />
		</Unit>
		<Unit filename="../specific/neural/optimizer/adaptive_moment_estimation_optimizer.ipp">
			<Option target="Any" />
		</Unit>
		<Unit filename="../specific/neural/optimizer/adaptive_moment_estimation_optmizer.hpp">
			<Option target="Any" />
		</Unit>
		<Unit filename="../specific/neural/optimizer/optimizer.hpp">
			<Option target="Any" />
		</Unit>
		<Unit filename="../specific/neural/optimizer/root_mean_square_propagation_optimizer.hpp">
			<Option target="Any" />
		</Unit>
		<Unit filename="../specific/neural/optimizer/root_mean_square_propagation_optimizer.ipp">
			<Option target="Any" />
		</Unit>
		<Unit filename="../specific/neural/optimizer/stochastic_gradient_descent_optimizer.hpp">
			<Option target="Any" />
		</Unit>
		<Unit filename="../specific/neural/optimizer/stochastic_gradient_descent_optimizer.ipp">
			<Option target="Any" />
		</Unit>
		<Unit filename="../specific/neural/utility/initialize/initialize.hpp">
			<Option target="Any" />
		</Unit>
		<Unit filename="../specific/neural/utility/initialize/kaiming_normal_initialize.ipp">
			<Option target="Any" />
		</Unit>
		<Unit filename="../specific/neural/utility/initialize/kaiming_uniform_initialize.ipp">
			<Option target="Any" />
		</Unit>
		<Unit filename="../specific/neural/utility/initialize/normal_initialize.ipp">
			<Option target="Any" />
		</Unit>
		<Unit filename="../specific/neural/utility/initialize/ones_initialize.ipp">
			<Option target="Any" />
		</Unit>
		<Unit filename="../specific/neural/utility/initialize/orthogonal_initialize.ipp">
			<Option target="Any" />
		</Unit>
		<Unit filename="../specific/neural/utility/initialize/sparse_initialize.ipp">
			<Option target="Any" />
		</Unit>
		<Unit filename="../specific/neural/utility/initialize/uniform_initialize.ipp">
			<Option target="Any" />
		</Unit>
		<Unit filename="../specific/neural/utility/initialize/xavier_normal_initialize.ipp">
			<Option target="Any" />
		</Unit>
		<Unit filename="../specific/neural/utility/initialize/xavier_uniform_initialize.ipp">
			<Option target="Any" />
		</Unit>
		<Unit filename="../specific/neural/utility/initialize/zeros_initialize.ipp">
			<Option target="Any" />
		</Unit>
		<Unit filename="../specific/spirit/interface.hpp">
			<Option target="Any" />
		</Unit>
		<Unit filename="../specific/spirit/numeric/numeric.hpp">
			<Option target="Any" />
		</Unit>
		<Unit filename="../specific/spirit/numeric/numeric.ipp">
			<Option target="Any" />
		</Unit>
		<Unit filename="../specific/spirit/symbolic/symbolic.hpp">
			<Option target="Any" />
		</Unit>
		<Unit filename="../specific/spirit/symbolic/symbolic.ipp">
			<Option target="Any" />
		</Unit>
		<Unit filename="../specific/stock/database.cpp">
			<Option target="Any" />
		</Unit>
		<Unit filename="../specific/stock/database.hpp">
			<Option target="Any" />
		</Unit>
		<Unit filename="../specific/stock/interface.hpp">
			<Option target="Any" />
		</Unit>
		<Unit filename="example.cpp">
			<Option target="Any" />
		</Unit>
		<Unit filename="main.cpp" />
		<Unit filename="neural.cpp">
			<Option target="Any" />
		</Unit>
		<Extensions>
			<lib_finder disable_auto="1" />
		</Extensions>
	</Project>
</CodeBlocks_project_file>
